
Microsoft Visual Studio Solution File, Format Version 12.00
# Visual Studio Version 17
VisualStudioVersion = 17.14.36327.8
MinimumVisualStudioVersion = 10.0.40219.1
Project("{FAE04EC0-301F-11D3-BF4B-00C04F79EFBC}") = "StudentbaseManagementSystem", "StudentbaseManagementSystem\StudentbaseManagementSystem.csproj", "{ABBD3970-5C4C-4B6A-8F7B-15768F264514}"
EndProject
Global
	GlobalSection(SolutionConfigurationPlatforms) = preSolution
		Debug|Any CPU = Debug|Any CPU
		Release|Any CPU = Release|Any CPU
	EndGlobalSection
	GlobalSection(ProjectConfigurationPlatforms) = postSolution
		{ABBD3970-5C4C-4B6A-8F7B-15768F264514}.Debug|Any CPU.ActiveCfg = Debug|Any CPU
		{ABBD3970-5C4C-4B6A-8F7B-15768F264514}.Debug|Any CPU.Build.0 = Debug|Any CPU
		{ABBD3970-5C4C-4B6A-8F7B-15768F264514}.Release|Any CPU.ActiveCfg = Release|Any CPU
		{ABBD3970-5C4C-4B6A-8F7B-15768F264514}.Release|Any CPU.Build.0 = Release|Any CPU
	EndGlobalSection
	GlobalSection(SolutionProperties) = preSolution
		HideSolutionNode = FALSE
	EndGlobalSection
	GlobalSection(ExtensibilityGlobals) = postSolution
		SolutionGuid = {BABDEEE5-935C-4CE2-8584-A46740D0DF04}
	EndGlobalSection
EndGlobal
